// !$*UTF8*$!
{
	archiveVersion = 1;
	classes = {
	};
	objectVersion = 50;
	objects = {

/* Begin PBXBuildFile section */
		0CF81F59233C9B58005E0C68 /* AppDelegate.swift in Sources */ = {isa = PBXBuildFile; fileRef = 0CF81F58233C9B58005E0C68 /* AppDelegate.swift */; };
		0CF81F5B233C9B59005E0C68 /* ViewController.swift in Sources */ = {isa = PBXBuildFile; fileRef = 0CF81F5A233C9B59005E0C68 /* ViewController.swift */; };
		0CF81F5E233C9B59005E0C68 /* Main.storyboard in Resources */ = {isa = PBXBuildFile; fileRef = 0CF81F5C233C9B59005E0C68 /* Main.storyboard */; };
		0CF81F60233C9B5B005E0C68 /* Assets.xcassets in Resources */ = {isa = PBXBuildFile; fileRef = 0CF81F5F233C9B5B005E0C68 /* Assets.xcassets */; };
		0CF81F63233C9B5B005E0C68 /* LaunchScreen.storyboard in Resources */ = {isa = PBXBuildFile; fileRef = 0CF81F61233C9B5B005E0C68 /* LaunchScreen.storyboard */; };
		0CF81F6D233C9D9E005E0C68 /* LastVC.swift in Sources */ = {isa = PBXBuildFile; fileRef = 0CF81F6C233C9D9E005E0C68 /* LastVC.swift */; };
		0CF81F6F233C9DB7005E0C68 /* SecondVC.swift in Sources */ = {isa = PBXBuildFile; fileRef = 0CF81F6E233C9DB7005E0C68 /* SecondVC.swift */; };
		0CF81F71233CA10E005E0C68 /* NavController.swift in Sources */ = {isa = PBXBuildFile; fileRef = 0CF81F70233CA10E005E0C68 /* NavController.swift */; };
		0CF81F74233CAA2D005E0C68 /* MJStringMannager.swift in Sources */ = {isa = PBXBuildFile; fileRef = 0CF81F73233CAA2D005E0C68 /* MJStringMannager.swift */; };
		0CF81F78233CB2BB005E0C68 /* InfoVC.swift in Sources */ = {isa = PBXBuildFile; fileRef = 0CF81F77233CB2BB005E0C68 /* InfoVC.swift */; };
		0CF81F7D233CB384005E0C68 /* MJTabBarController.swift in Sources */ = {isa = PBXBuildFile; fileRef = 0CF81F7C233CB384005E0C68 /* MJTabBarController.swift */; };
/* End PBXBuildFile section */

/* Begin PBXFileReference section */
		0CF81F55233C9B58005E0C68 /* Restore Stydy.app */ = {isa = PBXFileReference; explicitFileType = wrapper.application; includeInIndex = 0; path = "Restore Stydy.app"; sourceTree = BUILT_PRODUCTS_DIR; };
		0CF81F58233C9B58005E0C68 /* AppDelegate.swift */ = {isa = PBXFileReference; lastKnownFileType = sourcecode.swift; path = AppDelegate.swift; sourceTree = "<group>"; };
		0CF81F5A233C9B59005E0C68 /* ViewController.swift */ = {isa = PBXFileReference; lastKnownFileType = sourcecode.swift; path = ViewController.swift; sourceTree = "<group>"; };
		0CF81F5D233C9B59005E0C68 /* Base */ = {isa = PBXFileReference; lastKnownFileType = file.storyboard; name = Base; path = Base.lproj/Main.storyboard; sourceTree = "<group>"; };
		0CF81F5F233C9B5B005E0C68 /* Assets.xcassets */ = {isa = PBXFileReference; lastKnownFileType = folder.assetcatalog; path = Assets.xcassets; sourceTree = "<group>"; };
		0CF81F62233C9B5B005E0C68 /* Base */ = {isa = PBXFileReference; lastKnownFileType = file.storyboard; name = Base; path = Base.lproj/LaunchScreen.storyboard; sourceTree = "<group>"; };
		0CF81F64233C9B5B005E0C68 /* Info.plist */ = {isa = PBXFileReference; lastKnownFileType = text.plist.xml; path = Info.plist; sourceTree = "<group>"; };
		0CF81F6C233C9D9E005E0C68 /* LastVC.swift */ = {isa = PBXFileReference; lastKnownFileType = sourcecode.swift; path = LastVC.swift; sourceTree = "<group>"; };
		0CF81F6E233C9DB7005E0C68 /* SecondVC.swift */ = {isa = PBXFileReference; lastKnownFileType = sourcecode.swift; path = SecondVC.swift; sourceTree = "<group>"; };
		0CF81F70233CA10E005E0C68 /* NavController.swift */ = {isa = PBXFileReference; lastKnownFileType = sourcecode.swift; path = NavController.swift; sourceTree = "<group>"; };
		0CF81F73233CAA2D005E0C68 /* MJStringMannager.swift */ = {isa = PBXFileReference; lastKnownFileType = sourcecode.swift; path = MJStringMannager.swift; sourceTree = "<group>"; };
		0CF81F77233CB2BB005E0C68 /* InfoVC.swift */ = {isa = PBXFileReference; lastKnownFileType = sourcecode.swift; path = InfoVC.swift; sourceTree = "<group>"; };
		0CF81F7C233CB384005E0C68 /* MJTabBarController.swift */ = {isa = PBXFileReference; lastKnownFileType = sourcecode.swift; path = MJTabBarController.swift; sourceTree = "<group>"; };
/* End PBXFileReference section */

/* Begin PBXFrameworksBuildPhase section */
		0CF81F52233C9B58005E0C68 /* Frameworks */ = {
			isa = PBXFrameworksBuildPhase;
			buildActionMask = 2147483647;
			files = (
			);
			runOnlyForDeploymentPostprocessing = 0;
		};
/* End PBXFrameworksBuildPhase section */

/* Begin PBXGroup section */
		0CF81F4C233C9B58005E0C68 = {
			isa = PBXGroup;
			children = (
				0CF81F57233C9B58005E0C68 /* Restore Stydy */,
				0CF81F56233C9B58005E0C68 /* Products */,
			);
			sourceTree = "<group>";
		};
		0CF81F56233C9B58005E0C68 /* Products */ = {
			isa = PBXGroup;
			children = (
				0CF81F55233C9B58005E0C68 /* Restore Stydy.app */,
			);
			name = Products;
			sourceTree = "<group>";
		};
		0CF81F57233C9B58005E0C68 /* Restore Stydy */ = {
			isa = PBXGroup;
			children = (
				0CF81F72233CAA09005E0C68 /* Lib */,
				0CF81F79233CB320005E0C68 /* Tabbar */,
				0CF81F7B233CB331005E0C68 /* Info */,
				0CF81F7A233CB32A005E0C68 /* Main */,
				0CF81F7E233CB3AC005E0C68 /* Other */,
			);
			path = "Restore Stydy";
			sourceTree = "<group>";
		};
		0CF81F72233CAA09005E0C68 /* Lib */ = {
			isa = PBXGroup;
			children = (
				0CF81F73233CAA2D005E0C68 /* MJStringMannager.swift */,
			);
			path = Lib;
			sourceTree = "<group>";
		};
		0CF81F79233CB320005E0C68 /* Tabbar */ = {
			isa = PBXGroup;
			children = (
				0CF81F7C233CB384005E0C68 /* MJTabBarController.swift */,
			);
			path = Tabbar;
			sourceTree = "<group>";
		};
		0CF81F7A233CB32A005E0C68 /* Main */ = {
			isa = PBXGroup;
			children = (
				0CF81F70233CA10E005E0C68 /* NavController.swift */,
				0CF81F5A233C9B59005E0C68 /* ViewController.swift */,
				0CF81F6E233C9DB7005E0C68 /* SecondVC.swift */,
				0CF81F6C233C9D9E005E0C68 /* LastVC.swift */,
			);
			path = Main;
			sourceTree = "<group>";
		};
		0CF81F7B233CB331005E0C68 /* Info */ = {
			isa = PBXGroup;
			children = (
				0CF81F77233CB2BB005E0C68 /* InfoVC.swift */,
			);
			path = Info;
			sourceTree = "<group>";
		};
		0CF81F7E233CB3AC005E0C68 /* Other */ = {
			isa = PBXGroup;
			children = (
				0CF81F58233C9B58005E0C68 /* AppDelegate.swift */,
				0CF81F5C233C9B59005E0C68 /* Main.storyboard */,
				0CF81F5F233C9B5B005E0C68 /* Assets.xcassets */,
				0CF81F61233C9B5B005E0C68 /* LaunchScreen.storyboard */,
				0CF81F64233C9B5B005E0C68 /* Info.plist */,
			);
			path = Other;
			sourceTree = "<group>";
		};
/* End PBXGroup section */

/* Begin PBXNativeTarget section */
		0CF81F54233C9B58005E0C68 /* Restore Stydy */ = {
			isa = PBXNativeTarget;
			buildConfigurationList = 0CF81F67233C9B5B005E0C68 /* Build configuration list for PBXNativeTarget "Restore Stydy" */;
			buildPhases = (
				0CF81F51233C9B58005E0C68 /* Sources */,
				0CF81F52233C9B58005E0C68 /* Frameworks */,
				0CF81F53233C9B58005E0C68 /* Resources */,
			);
			buildRules = (
			);
			dependencies = (
			);
			name = "Restore Stydy";
			productName = "Restore Stydy";
			productReference = 0CF81F55233C9B58005E0C68 /* Restore Stydy.app */;
			productType = "com.apple.product-type.application";
		};
/* End PBXNativeTarget section */

/* Begin PBXProject section */
		0CF81F4D233C9B58005E0C68 /* Project object */ = {
			isa = PBXProject;
			attributes = {
				LastSwiftUpdateCheck = 1020;
				LastUpgradeCheck = 1020;
				ORGANIZATIONNAME = missjack;
				TargetAttributes = {
					0CF81F54233C9B58005E0C68 = {
						CreatedOnToolsVersion = 10.2.1;
					};
				};
			};
			buildConfigurationList = 0CF81F50233C9B58005E0C68 /* Build configuration list for PBXProject "Restore Stydy" */;
			compatibilityVersion = "Xcode 9.3";
			developmentRegion = en;
			hasScannedForEncodings = 0;
			knownRegions = (
				en,
				Base,
			);
			mainGroup = 0CF81F4C233C9B58005E0C68;
			productRefGroup = 0CF81F56233C9B58005E0C68 /* Products */;
			projectDirPath = "";
			projectRoot = "";
			targets = (
				0CF81F54233C9B58005E0C68 /* Restore Stydy */,
			);
		};
/* End PBXProject section */

/* Begin PBXResourcesBuildPhase section */
		0CF81F53233C9B58005E0C68 /* Resources */ = {
			isa = PBXResourcesBuildPhase;
			buildActionMask = 2147483647;
			files = (
				0CF81F63233C9B5B005E0C68 /* LaunchScreen.storyboard in Resources */,
				0CF81F60233C9B5B005E0C68 /* Assets.xcassets in Resources */,
				0CF81F5E233C9B59005E0C68 /* Main.storyboard in Resources */,
			);
			runOnlyForDeploymentPostprocessing = 0;
		};
/* End PBXResourcesBuildPhase section */

/* Begin PBXSourcesBuildPhase section */
		0CF81F51233C9B58005E0C68 /* Sources */ = {
			isa = PBXSourcesBuildPhase;
			buildActionMask = 2147483647;
			files = (
				0CF81F74233CAA2D005E0C68 /* MJStringMannager.swift in Sources */,
				0CF81F71233CA10E005E0C68 /* NavController.swift in Sources */,
				0CF81F7D233CB384005E0C68 /* MJTabBarController.swift in Sources */,
				0CF81F6D233C9D9E005E0C68 /* LastVC.swift in Sources */,
				0CF81F5B233C9B59005E0C68 /* ViewController.swift in Sources */,
				0CF81F78233CB2BB005E0C68 /* InfoVC.swift in Sources */,
				0CF81F6F233C9DB7005E0C68 /* SecondVC.swift in Sources */,
				0CF81F59233C9B58005E0C68 /* AppDelegate.swift in Sources */,
			);
			runOnlyForDeploymentPostprocessing = 0;
		};
/* End PBXSourcesBuildPhase section */

/* Begin PBXVariantGroup section */
		0CF81F5C233C9B59005E0C68 /* Main.storyboard */ = {
			isa = PBXVariantGroup;
			children = (
				0CF81F5D233C9B59005E0C68 /* Base */,
			);
			name = Main.storyboard;
			sourceTree = "<group>";
		};
		0CF81F61233C9B5B005E0C68 /* LaunchScreen.storyboard */ = {
			isa = PBXVariantGroup;
			children = (
				0CF81F62233C9B5B005E0C68 /* Base */,
			);
			name = LaunchScreen.storyboard;
			sourceTree = "<group>";
		};
/* End PBXVariantGroup section */

/* Begin XCBuildConfiguration section */
		0CF81F65233C9B5B005E0C68 /* Debug */ = {
			isa = XCBuildConfiguration;
			buildSettings = {
				ALWAYS_SEARCH_USER_PATHS = NO;
				CLANG_ANALYZER_NONNULL = YES;
				CLANG_ANALYZER_NUMBER_OBJECT_CONVERSION = YES_AGGRESSIVE;
				CLANG_CXX_LANGUAGE_STANDARD = "gnu++14";
				CLANG_CXX_LIBRARY = "libc++";
				CLANG_ENABLE_MODULES = YES;
				CLANG_ENABLE_OBJC_ARC = YES;
				CLANG_ENABLE_OBJC_WEAK = YES;
				CLANG_WARN_BLOCK_CAPTURE_AUTORELEASING = YES;
				CLANG_WARN_BOOL_CONVERSION = YES;
				CLANG_WARN_COMMA = YES;
				CLANG_WARN_CONSTANT_CONVERSION = YES;
				CLANG_WARN_DEPRECATED_OBJC_IMPLEMENTATIONS = YES;
				CLANG_WARN_DIRECT_OBJC_ISA_USAGE = YES_ERROR;
				CLANG_WARN_DOCUMENTATION_COMMENTS = YES;
				CLANG_WARN_EMPTY_BODY = YES;
				CLANG_WARN_ENUM_CONVERSION = YES;
				CLANG_WARN_INFINITE_RECURSION = YES;
				CLANG_WARN_INT_CONVERSION = YES;
				CLANG_WARN_NON_LITERAL_NULL_CONVERSION = YES;
				CLANG_WARN_OBJC_IMPLICIT_RETAIN_SELF = YES;
				CLANG_WARN_OBJC_LITERAL_CONVERSION = YES;
				CLANG_WARN_OBJC_ROOT_CLASS = YES_ERROR;
				CLANG_WARN_RANGE_LOOP_ANALYSIS = YES;
				CLANG_WARN_STRICT_PROTOTYPES = YES;
				CLANG_WARN_SUSPICIOUS_MOVE = YES;
				CLANG_WARN_UNGUARDED_AVAILABILITY = YES_AGGRESSIVE;
				CLANG_WARN_UNREACHABLE_CODE = YES;
				CLANG_WARN__DUPLICATE_METHOD_MATCH = YES;
				CODE_SIGN_IDENTITY = "iPhone Developer";
				COPY_PHASE_STRIP = NO;
				DEBUG_INFORMATION_FORMAT = dwarf;
				ENABLE_STRICT_OBJC_MSGSEND = YES;
				ENABLE_TESTABILITY = YES;
				GCC_C_LANGUAGE_STANDARD = gnu11;
				GCC_DYNAMIC_NO_PIC = NO;
				GCC_NO_COMMON_BLOCKS = YES;
				GCC_OPTIMIZATION_LEVEL = 0;
				GCC_PREPROCESSOR_DEFINITIONS = (
					"DEBUG=1",
					"$(inherited)",
				);
				GCC_WARN_64_TO_32_BIT_CONVERSION = YES;
				GCC_WARN_ABOUT_RETURN_TYPE = YES_ERROR;
				GCC_WARN_UNDECLARED_SELECTOR = YES;
				GCC_WARN_UNINITIALIZED_AUTOS = YES_AGGRESSIVE;
				GCC_WARN_UNUSED_FUNCTION = YES;
				GCC_WARN_UNUSED_VARIABLE = YES;
				IPHONEOS_DEPLOYMENT_TARGET = 12.2;
				MTL_ENABLE_DEBUG_INFO = INCLUDE_SOURCE;
				MTL_FAST_MATH = YES;
				ONLY_ACTIVE_ARCH = YES;
				SDKROOT = iphoneos;
				SWIFT_ACTIVE_COMPILATION_CONDITIONS = DEBUG;
				SWIFT_OPTIMIZATION_LEVEL = "-Onone";
			};
			name = Debug;
		};
		0CF81F66233C9B5B005E0C68 /* Release */ = {
			isa = XCBuildConfiguration;
			buildSettings = {
				ALWAYS_SEARCH_USER_PATHS = NO;
				CLANG_ANALYZER_NONNULL = YES;
				CLANG_ANALYZER_NUMBER_OBJECT_CONVERSION = YES_AGGRESSIVE;
				CLANG_CXX_LANGUAGE_STANDARD = "gnu++14";
				CLANG_CXX_LIBRARY = "libc++";
				CLANG_ENABLE_MODULES = YES;
				CLANG_ENABLE_OBJC_ARC = YES;
				CLANG_ENABLE_OBJC_WEAK = YES;
				CLANG_WARN_BLOCK_CAPTURE_AUTORELEASING = YES;
				CLANG_WARN_BOOL_CONVERSION = YES;
				CLANG_WARN_COMMA = YES;
				CLANG_WARN_CONSTANT_CONVERSION = YES;
				CLANG_WARN_DEPRECATED_OBJC_IMPLEMENTATIONS = YES;
				CLANG_WARN_DIRECT_OBJC_ISA_USAGE = YES_ERROR;
				CLANG_WARN_DOCUMENTATION_COMMENTS = YES;
				CLANG_WARN_EMPTY_BODY = YES;
				CLANG_WARN_ENUM_CONVERSION = YES;
				CLANG_WARN_INFINITE_RECURSION = YES;
				CLANG_WARN_INT_CONVERSION = YES;
				CLANG_WARN_NON_LITERAL_NULL_CONVERSION = YES;
				CLANG_WARN_OBJC_IMPLICIT_RETAIN_SELF = YES;
				CLANG_WARN_OBJC_LITERAL_CONVERSION = YES;
				CLANG_WARN_OBJC_ROOT_CLASS = YES_ERROR;
				CLANG_WARN_RANGE_LOOP_ANALYSIS = YES;
				CLANG_WARN_STRICT_PROTOTYPES = YES;
				CLANG_WARN_SUSPICIOUS_MOVE = YES;
				CLANG_WARN_UNGUARDED_AVAILABILITY = YES_AGGRESSIVE;
				CLANG_WARN_UNREACHABLE_CODE = YES;
				CLANG_WARN__DUPLICATE_METHOD_MATCH = YES;
				CODE_SIGN_IDENTITY = "iPhone Developer";
				COPY_PHASE_STRIP = NO;
				DEBUG_INFORMATION_FORMAT = "dwarf-with-dsym";
				ENABLE_NS_ASSERTIONS = NO;
				ENABLE_STRICT_OBJC_MSGSEND = YES;
				GCC_C_LANGUAGE_STANDARD = gnu11;
				GCC_NO_COMMON_BLOCKS = YES;
				GCC_WARN_64_TO_32_BIT_CONVERSION = YES;
				GCC_WARN_ABOUT_RETURN_TYPE = YES_ERROR;
				GCC_WARN_UNDECLARED_SELECTOR = YES;
				GCC_WARN_UNINITIALIZED_AUTOS = YES_AGGRESSIVE;
				GCC_WARN_UNUSED_FUNCTION = YES;
				GCC_WARN_UNUSED_VARIABLE = YES;
				IPHONEOS_DEPLOYMENT_TARGET = 12.2;
				MTL_ENABLE_DEBUG_INFO = NO;
				MTL_FAST_MATH = YES;
				SDKROOT = iphoneos;
				SWIFT_COMPILATION_MODE = wholemodule;
				SWIFT_OPTIMIZATION_LEVEL = "-O";
				VALIDATE_PRODUCT = YES;
			};
			name = Release;
		};
		0CF81F68233C9B5B005E0C68 /* Debug */ = {
			isa = XCBuildConfiguration;
			buildSettings = {
				ASSETCATALOG_COMPILER_APPICON_NAME = AppIcon;
				CODE_SIGN_STYLE = Automatic;
				DEVELOPMENT_TEAM = P56BPC35Y2;
				INFOPLIST_FILE = "$(SRCROOT)/Restore Stydy/Other/Info.plist";
				IPHONEOS_DEPLOYMENT_TARGET = 9.0;
				LD_RUNPATH_SEARCH_PATHS = (
					"$(inherited)",
					"@executable_path/Frameworks",
				);
				PRODUCT_BUNDLE_IDENTIFIER = "com.missjack..Restore-Stydy";
				PRODUCT_NAME = "$(TARGET_NAME)";
				SWIFT_VERSION = 5.0;
				TARGETED_DEVICE_FAMILY = 1;
			};
			name = Debug;
		};
		0CF81F69233C9B5B005E0C68 /* Release */ = {
			isa = XCBuildConfiguration;
			buildSettings = {
				ASSETCATALOG_COMPILER_APPICON_NAME = AppIcon;
				CODE_SIGN_STYLE = Automatic;
				DEVELOPMENT_TEAM = P56BPC35Y2;
				INFOPLIST_FILE = "$(SRCROOT)/Restore Stydy/Other/Info.plist";
				IPHONEOS_DEPLOYMENT_TARGET = 9.0;
				LD_RUNPATH_SEARCH_PATHS = (
					"$(inherited)",
					"@executable_path/Frameworks",
				);
				PRODUCT_BUNDLE_IDENTIFIER = "com.missjack..Restore-Stydy";
				PRODUCT_NAME = "$(TARGET_NAME)";
				SWIFT_VERSION = 5.0;
				TARGETED_DEVICE_FAMILY = 1;
			};
			name = Release;
		};
/* End XCBuildConfiguration section */

/* Begin XCConfigurationList section */
		0CF81F50233C9B58005E0C68 /* Build configuration list for PBXProject "Restore Stydy" */ = {
			isa = XCConfigurationList;
			buildConfigurations = (
				0CF81F65233C9B5B005E0C68 /* Debug */,
				0CF81F66233C9B5B005E0C68 /* Release */,
			);
			defaultConfigurationIsVisible = 0;
			defaultConfigurationName = Release;
		};
		0CF81F67233C9B5B005E0C68 /* Build configuration list for PBXNativeTarget "Restore Stydy" */ = {
			isa = XCConfigurationList;
			buildConfigurations = (
				0CF81F68233C9B5B005E0C68 /* Debug */,
				0CF81F69233C9B5B005E0C68 /* Release */,
			);
			defaultConfigurationIsVisible = 0;
			defaultConfigurationName = Release;
		};
/* End XCConfigurationList section */
	};
	rootObject = 0CF81F4D233C9B58005E0C68 /* Project object */;
}
